
Microsoft Visual Studio Solution File, Format Version 12.00
# Visual Studio Version 17
VisualStudioVersion = 17.3.32929.385
MinimumVisualStudioVersion = 10.0.40219.1
Project("{FAE04EC0-301F-11D3-BF4B-00C04F79EFBC}") = "Bài Test1", "Bài Test1\Bài Test1.csproj", "{DC9956EF-4C6F-487B-8377-A20522A05E59}"
EndProject
Global
	GlobalSection(SolutionConfigurationPlatforms) = preSolution
		Debug|Any CPU = Debug|Any CPU
		Release|Any CPU = Release|Any CPU
	EndGlobalSection
	GlobalSection(ProjectConfigurationPlatforms) = postSolution
		{DC9956EF-4C6F-487B-8377-A20522A05E59}.Debug|Any CPU.ActiveCfg = Debug|Any CPU
		{DC9956EF-4C6F-487B-8377-A20522A05E59}.Debug|Any CPU.Build.0 = Debug|Any CPU
		{DC9956EF-4C6F-487B-8377-A20522A05E59}.Release|Any CPU.ActiveCfg = Release|Any CPU
		{DC9956EF-4C6F-487B-8377-A20522A05E59}.Release|Any CPU.Build.0 = Release|Any CPU
	EndGlobalSection
	GlobalSection(SolutionProperties) = preSolution
		HideSolutionNode = FALSE
	EndGlobalSection
	GlobalSection(ExtensibilityGlobals) = postSolution
		SolutionGuid = {6C98729D-E2CD-44C7-ADC4-440F330FC0D3}
	EndGlobalSection
EndGlobal
